
Microsoft Visual Studio Solution File, Format Version 12.00
# Visual Studio Version 16
VisualStudioVersion = 16.0.30225.117
MinimumVisualStudioVersion = 10.0.40219.1
Project("{9A19103F-16F7-4668-BE54-9A1E7A4F7556}") = "TestApi.Core", "TestApi.CardShuffler\TestApi.Core.csproj", "{CF626F01-119E-46F6-8921-6491E142C3F1}"
EndProject
Project("{FAE04EC0-301F-11D3-BF4B-00C04F79EFBC}") = "TestApi.Web", "TestApi.Web\TestApi.Web.csproj", "{A96F2C18-79BA-4C40-BFDF-7DD509734F69}"
EndProject
Global
	GlobalSection(SolutionConfigurationPlatforms) = preSolution
		Debug|Any CPU = Debug|Any CPU
		Release|Any CPU = Release|Any CPU
	EndGlobalSection
	GlobalSection(ProjectConfigurationPlatforms) = postSolution
		{CF626F01-119E-46F6-8921-6491E142C3F1}.Debug|Any CPU.ActiveCfg = Debug|Any CPU
		{CF626F01-119E-46F6-8921-6491E142C3F1}.Debug|Any CPU.Build.0 = Debug|Any CPU
		{CF626F01-119E-46F6-8921-6491E142C3F1}.Release|Any CPU.ActiveCfg = Release|Any CPU
		{CF626F01-119E-46F6-8921-6491E142C3F1}.Release|Any CPU.Build.0 = Release|Any CPU
		{A96F2C18-79BA-4C40-BFDF-7DD509734F69}.Debug|Any CPU.ActiveCfg = Debug|Any CPU
		{A96F2C18-79BA-4C40-BFDF-7DD509734F69}.Debug|Any CPU.Build.0 = Debug|Any CPU
		{A96F2C18-79BA-4C40-BFDF-7DD509734F69}.Release|Any CPU.ActiveCfg = Release|Any CPU
		{A96F2C18-79BA-4C40-BFDF-7DD509734F69}.Release|Any CPU.Build.0 = Release|Any CPU
	EndGlobalSection
	GlobalSection(SolutionProperties) = preSolution
		HideSolutionNode = FALSE
	EndGlobalSection
	GlobalSection(ExtensibilityGlobals) = postSolution
		SolutionGuid = {8CC9D673-FAF2-4C01-B827-6F9727A3E317}
	EndGlobalSection
EndGlobal
